# This file is autogenerated, do not edit; changes may be undone by the next 'dep ensure'.


[[projects]]
  branch = "master"
  name = "github.com/anacrolix/missinggo"
  packages = [
    ".",
    "inproc",
    "pproffd"
  ]
  revision = "ef490447bf2efe3b83e875f2722a2b74e6a8e756"

[[projects]]
  branch = "master"
  name = "github.com/anacrolix/sync"
  packages = ["."]
  revision = "eee974e4f8c1e1f38d16e32713dd408d6b02ca55"

[[projects]]
  branch = "master"
  name = "github.com/anacrolix/utp"
  packages = ["."]
  revision = "9e0e1d1d0572f5a09a669d4ea0372d8e8078dcc9"

[[projects]]
  name = "github.com/ccding/go-stun"
  packages = ["stun"]
  revision = "04a4eed61c57ecc9903f8983d1d2c17b88d2e9e1"
  version = "0.1.0"

[[projects]]
  name = "github.com/davecgh/go-spew"
  packages = ["spew"]
  revision = "346938d642f2ec3594ed81d874461961cd0faa76"
  version = "v1.1.0"

[[projects]]
  name = "github.com/huandu/xstrings"
  packages = ["."]
  revision = "2bf18b218c51864a87384c06996e40ff9dcff8e1"
  version = "v1.0.0"

[[projects]]
  name = "github.com/pmezard/go-difflib"
  packages = ["difflib"]
  revision = "792786c7400a136282c1664665ae0a8db921c6c2"
  version = "v1.0.0"

[[projects]]
  name = "github.com/spaolacci/murmur3"
  packages = ["."]
  revision = "9f5d223c60793748f04a9d5b4b4eacddfc1f755d"
  version = "v1.1"

[[projects]]
  name = "github.com/stretchr/testify"
  packages = ["assert"]
  revision = "12b6f73e6084dad08a7c6e575284b177ecafbc71"
  version = "v1.2.1"

[[projects]]
  name = "github.com/willf/bitset"
  packages = ["."]
  revision = "d860f346b89450988a379d7d705e83c58d1ea227"
  version = "v1.1.3"

[[projects]]
  name = "github.com/willf/bloom"
  packages = ["."]
  revision = "54e3b963ee1652b06c4562cb9b6020ebc6e36e59"
  version = "v2.0.3"

[[projects]]
  name = "gopkg.in/readline.v1"
  packages = ["."]
  revision = "62c6fe6193755f722b8b8788aa7357be55a50ff1"
  version = "v1.4"

[solve-meta]
  analyzer-name = "dep"
  analyzer-version = 1
  inputs-digest = "39f7e6aecdec0a56460d5a990c0ef67643441623edf2581d79c90cd5a441c338"
  solver-name = "gps-cdcl"
  solver-version = 1
